PODS:
  - Core (1.0.1):
    - FontAwesome
    - ObjectMapper (= 4.2.0)
    - RxSwift
    - SwiftDate (= 6.3.1)
  - FontAwesome (4.5.0)
  - IGEX (1.0.0):
    - Core
    - IGListKit
    - RxCocoa
    - RxSwift
    - Shimmer (= 1.0.2)
  - IGListDiffKit (4.0.0)
  - IGListKit (4.0.0):
    - IGListDiffKit (= 4.0.0)
  - ObjectMapper (4.2.0)
  - RxCocoa (6.5.0):
    - RxRelay (= 6.5.0)
    - RxSwift (= 6.5.0)
  - RxGesture (4.0.4):
    - RxCocoa (~> 6.0)
    - RxSwift (~> 6.0)
  - RxRelay (6.5.0):
    - RxSwift (= 6.5.0)
  - RxSwift (6.5.0)
  - Shimmer (1.0.2)
  - SwiftDate (6.3.1)

DEPENDENCIES:
  - Core (from `https://github.com/syquandev/Core`)
  - IGEX (from `../`)
  - IGListKit
  - RxCocoa
  - RxGesture
  - RxSwift

SPEC REPOS:
  trunk:
    - FontAwesome
    - IGListDiffKit
    - IGListKit
    - ObjectMapper
    - RxCocoa
    - RxGesture
    - RxRelay
    - RxSwift
    - Shimmer
    - SwiftDate

EXTERNAL SOURCES:
  Core:
    :git: https://github.com/syquandev/Core
  IGEX:
    :path: "../"

CHECKOUT OPTIONS:
  Core:
    :commit: d20d8f337122a66152d9b97317357c8cbfac205d
    :git: https://github.com/syquandev/Core

SPEC CHECKSUMS:
  Core: 7c10334d28b6256906d2ce01afe118f0d363d6ef
  FontAwesome: dd8c48bf965e771309d8af17c4d8579217b3e756
  IGEX: 092f0c6ed028ee70b9b84faa5b010e5dd4e995cb
  IGListDiffKit: 665d6cf43ce726e676013db9c7d6c4294259b6b2
  IGListKit: fd5a5d21935298f5849fa49d426843cff97b77c7
  ObjectMapper: 1eb41f610210777375fa806bf161dc39fb832b81
  RxCocoa: 94f817b71c07517321eb4f9ad299112ca8af743b
  RxGesture: f3efb47ed2d26a8082f7b660d4a59970e275a7f8
  RxRelay: 1de1523e604c72b6c68feadedd1af3b1b4d0ecbd
  RxSwift: 5710a9e6b17f3c3d6e40d6e559b9fa1e813b2ef8
  Shimmer: c5374be1c2b0c9e292fb05b339a513cf291cac86
  SwiftDate: 72d28954e8e1c6c1c0f917ccc8005e4f83c7d4b2

PODFILE CHECKSUM: 617f996906303a8478a1a6045b4abe9d327da3fc

COCOAPODS: 1.11.3
